
Microsoft Visual Studio Solution File, Format Version 12.00
# Visual Studio Version 16
VisualStudioVersion = 16.0.29230.47
MinimumVisualStudioVersion = 10.0.40219.1
Project("{FAE04EC0-301F-11D3-BF4B-00C04F79EFBC}") = "Project", "Project\Project.csproj", "{0A732801-A98A-4A76-9B41-236705FCA7E3}"
EndProject
Global
	GlobalSection(SolutionConfigurationPlatforms) = preSolution
		Debug|Any CPU = Debug|Any CPU
		Release|Any CPU = Release|Any CPU
	EndGlobalSection
	GlobalSection(ProjectConfigurationPlatforms) = postSolution
		{0A732801-A98A-4A76-9B41-236705FCA7E3}.Debug|Any CPU.ActiveCfg = Debug|Any CPU
		{0A732801-A98A-4A76-9B41-236705FCA7E3}.Debug|Any CPU.Build.0 = Debug|Any CPU
		{0A732801-A98A-4A76-9B41-236705FCA7E3}.Release|Any CPU.ActiveCfg = Release|Any CPU
		{0A732801-A98A-4A76-9B41-236705FCA7E3}.Release|Any CPU.Build.0 = Release|Any CPU
	EndGlobalSection
	GlobalSection(SolutionProperties) = preSolution
		HideSolutionNode = FALSE
	EndGlobalSection
	GlobalSection(ExtensibilityGlobals) = postSolution
		SolutionGuid = {F0E6E4D9-D099-4EF4-848D-4E4D50CC20B7}
	EndGlobalSection
EndGlobal
